// !$*UTF8*$!
{
	archiveVersion = 1;
	classes = {
	};
	objectVersion = 77;
	objects = {

/* Begin PBXBuildFile section */
		2CDA03502FD715EC006AC2FD /* LICENSE.txt in Resources */ = {isa = PBXBuildFile; fileRef = 2CDA034E2FD715EC006AC2FD /* LICENSE.txt */; };
		2CDA03512FD715EC006AC2FD /* .gitignore in Resources */ = {isa = PBXBuildFile; fileRef = 2CDA034D2FD715EC006AC2FD /* .gitignore */; };
		2CDA03522FD715EC006AC2FD /* README.md in Resources */ = {isa = PBXBuildFile; fileRef = 2CDA034F2FD715EC006AC2FD /* README.md */; };
		2CDA03542FD84D8E006AC2FD /* InfoPlist.xcstrings in Resources */ = {isa = PBXBuildFile; fileRef = 2CDA03532FD84D8E006AC2FD /* InfoPlist.xcstrings */; };
		2CDA03582FD858D1006AC2FD /* Localizable.xcstrings in Resources */ = {isa = PBXBuildFile; fileRef = 2CDA03572FD858D1006AC2FD /* Localizable.xcstrings */; };
/* End PBXBuildFile section */

/* Begin PBXContainerItemProxy section */
		2CDA03312FD71499006AC2FD /* PBXContainerItemProxy */ = {
			isa = PBXContainerItemProxy;
			containerPortal = 2CDA03192FD71498006AC2FD /* Project object */;
			proxyType = 1;
			remoteGlobalIDString = 2CDA03202FD71498006AC2FD;
			remoteInfo = SwiftPhotoBoardExample;
		};
		2CDA033B2FD71499006AC2FD /* PBXContainerItemProxy */ = {
			isa = PBXContainerItemProxy;
			containerPortal = 2CDA03192FD71498006AC2FD /* Project object */;
			proxyType = 1;
			remoteGlobalIDString = 2CDA03202FD71498006AC2FD;
			remoteInfo = SwiftPhotoBoardExample;
		};
/* End PBXContainerItemProxy section */

/* Begin PBXFileReference section */
		2CDA03212FD71498006AC2FD /* SwiftPhotoBoardExample.app */ = {isa = PBXFileReference; explicitFileType = wrapper.application; includeInIndex = 0; path = SwiftPhotoBoardExample.app; sourceTree = BUILT_PRODUCTS_DIR; };
		2CDA03302FD71499006AC2FD /* SwiftPhotoBoardExampleTests.xctest */ = {isa = PBXFileReference; explicitFileType = wrapper.cfbundle; includeInIndex = 0; path = SwiftPhotoBoardExampleTests.xctest; sourceTree = BUILT_PRODUCTS_DIR; };
		2CDA033A2FD71499006AC2FD /* SwiftPhotoBoardExampleUITests.xctest */ = {isa = PBXFileReference; explicitFileType = wrapper.cfbundle; includeInIndex = 0; path = SwiftPhotoBoardExampleUITests.xctest; sourceTree = BUILT_PRODUCTS_DIR; };
		2CDA034D2FD715EC006AC2FD /* .gitignore */ = {isa = PBXFileReference; lastKnownFileType = text; path = .gitignore; sourceTree = "<group>"; };
		2CDA034E2FD715EC006AC2FD /* LICENSE.txt */ = {isa = PBXFileReference; lastKnownFileType = text; path = LICENSE.txt; sourceTree = "<group>"; };
		2CDA034F2FD715EC006AC2FD /* README.md */ = {isa = PBXFileReference; lastKnownFileType = net.daringfireball.markdown; path = README.md; sourceTree = "<group>"; };
		2CDA03532FD84D8E006AC2FD /* InfoPlist.xcstrings */ = {isa = PBXFileReference; lastKnownFileType = text.json.xcstrings; path = InfoPlist.xcstrings; sourceTree = "<group>"; };
		2CDA03572FD858D1006AC2FD /* Localizable.xcstrings */ = {isa = PBXFileReference; lastKnownFileType = text.json.xcstrings; path = Localizable.xcstrings; sourceTree = "<group>"; };
/* End PBXFileReference section */

/* Begin PBXFileSystemSynchronizedRootGroup section */
		2CDA03232FD71498006AC2FD /* SwiftPhotoBoardExample */ = {
			isa = PBXFileSystemSynchronizedRootGroup;
			path = SwiftPhotoBoardExample;
			sourceTree = "<group>";
		};
		2CDA03332FD71499006AC2FD /* SwiftPhotoBoardExampleTests */ = {
			isa = PBXFileSystemSynchronizedRootGroup;
			path = SwiftPhotoBoardExampleTests;
			sourceTree = "<group>";
		};
		2CDA033D2FD71499006AC2FD /* SwiftPhotoBoardExampleUITests */ = {
			isa = PBXFileSystemSynchronizedRootGroup;
			path = SwiftPhotoBoardExampleUITests;
			sourceTree = "<group>";
		};
/* End PBXFileSystemSynchronizedRootGroup section */

/* Begin PBXFrameworksBuildPhase section */
		2CDA031E2FD71498006AC2FD /* Frameworks */ = {
			isa = PBXFrameworksBuildPhase;
			buildActionMask = 2147483647;
			files = (
			);
			runOnlyForDeploymentPostprocessing = 0;
		};
		2CDA032D2FD71499006AC2FD /* Frameworks */ = {
			isa = PBXFrameworksBuildPhase;
			buildActionMask = 2147483647;
			files = (
			);
			runOnlyForDeploymentPostprocessing = 0;
		};
		2CDA03372FD71499006AC2FD /* Frameworks */ = {
			isa = PBXFrameworksBuildPhase;
			buildActionMask = 2147483647;
			files = (
			);
			runOnlyForDeploymentPostprocessing = 0;
		};
/* End PBXFrameworksBuildPhase section */

/* Begin PBXGroup section */
		2CDA03182FD71498006AC2FD = {
			isa = PBXGroup;
			children = (
				2CDA03232FD71498006AC2FD /* SwiftPhotoBoardExample */,
				2CDA03332FD71499006AC2FD /* SwiftPhotoBoardExampleTests */,
				2CDA033D2FD71499006AC2FD /* SwiftPhotoBoardExampleUITests */,
				2CDA03222FD71498006AC2FD /* Products */,
				2CDA034D2FD715EC006AC2FD /* .gitignore */,
				2CDA034E2FD715EC006AC2FD /* LICENSE.txt */,
				2CDA034F2FD715EC006AC2FD /* README.md */,
				2CDA03532FD84D8E006AC2FD /* InfoPlist.xcstrings */,
				2CDA03572FD858D1006AC2FD /* Localizable.xcstrings */,
			);
			sourceTree = "<group>";
		};
		2CDA03222FD71498006AC2FD /* Products */ = {
			isa = PBXGroup;
			children = (
				2CDA03212FD71498006AC2FD /* SwiftPhotoBoardExample.app */,
				2CDA03302FD71499006AC2FD /* SwiftPhotoBoardExampleTests.xctest */,
				2CDA033A2FD71499006AC2FD /* SwiftPhotoBoardExampleUITests.xctest */,
			);
			name = Products;
			sourceTree = "<group>";
		};
/* End PBXGroup section */

/* Begin PBXNativeTarget section */
		2CDA03202FD71498006AC2FD /* SwiftPhotoBoardExample */ = {
			isa = PBXNativeTarget;
			buildConfigurationList = 2CDA03442FD71499006AC2FD /* Build configuration list for PBXNativeTarget "SwiftPhotoBoardExample" */;
			buildPhases = (
				2CDA031D2FD71498006AC2FD /* Sources */,
				2CDA031E2FD71498006AC2FD /* Frameworks */,
				2CDA031F2FD71498006AC2FD /* Resources */,
			);
			buildRules = (
			);
			dependencies = (
			);
			fileSystemSynchronizedGroups = (
				2CDA03232FD71498006AC2FD /* SwiftPhotoBoardExample */,
			);
			name = SwiftPhotoBoardExample;
			packageProductDependencies = (
			);
			productName = SwiftPhotoBoardExample;
			productReference = 2CDA03212FD71498006AC2FD /* SwiftPhotoBoardExample.app */;
			productType = "com.apple.product-type.application";
		};
		2CDA032F2FD71499006AC2FD /* SwiftPhotoBoardExampleTests */ = {
			isa = PBXNativeTarget;
			buildConfigurationList = 2CDA03472FD71499006AC2FD /* Build configuration list for PBXNativeTarget "SwiftPhotoBoardExampleTests" */;
			buildPhases = (
				2CDA032C2FD71499006AC2FD /* Sources */,
				2CDA032D2FD71499006AC2FD /* Frameworks */,
				2CDA032E2FD71499006AC2FD /* Resources */,
			);
			buildRules = (
			);
			dependencies = (
				2CDA03322FD71499006AC2FD /* PBXTargetDependency */,
			);
			fileSystemSynchronizedGroups = (
				2CDA03332FD71499006AC2FD /* SwiftPhotoBoardExampleTests */,
			);
			name = SwiftPhotoBoardExampleTests;
			packageProductDependencies = (
			);
			productName = SwiftPhotoBoardExampleTests;
			productReference = 2CDA03302FD71499006AC2FD /* SwiftPhotoBoardExampleTests.xctest */;
			productType = "com.apple.product-type.bundle.unit-test";
		};
		2CDA03392FD71499006AC2FD /* SwiftPhotoBoardExampleUITests */ = {
			isa = PBXNativeTarget;
			buildConfigurationList = 2CDA034A2FD71499006AC2FD /* Build configuration list for PBXNativeTarget "SwiftPhotoBoardExampleUITests" */;
			buildPhases = (
				2CDA03362FD71499006AC2FD /* Sources */,
				2CDA03372FD71499006AC2FD /* Frameworks */,
				2CDA03382FD71499006AC2FD /* Resources */,
			);
			buildRules = (
			);
			dependencies = (
				2CDA033C2FD71499006AC2FD /* PBXTargetDependency */,
			);
			fileSystemSynchronizedGroups = (
				2CDA033D2FD71499006AC2FD /* SwiftPhotoBoardExampleUITests */,
			);
			name = SwiftPhotoBoardExampleUITests;
			packageProductDependencies = (
			);
			productName = SwiftPhotoBoardExampleUITests;
			productReference = 2CDA033A2FD71499006AC2FD /* SwiftPhotoBoardExampleUITests.xctest */;
			productType = "com.apple.product-type.bundle.ui-testing";
		};
/* End PBXNativeTarget section */

/* Begin PBXProject section */
		2CDA03192FD71498006AC2FD /* Project object */ = {
			isa = PBXProject;
			attributes = {
				BuildIndependentTargetsInParallel = 1;
				LastSwiftUpdateCheck = 2650;
				LastUpgradeCheck = 2650;
				TargetAttributes = {
					2CDA03202FD71498006AC2FD = {
						CreatedOnToolsVersion = 26.5;
					};
					2CDA032F2FD71499006AC2FD = {
						CreatedOnToolsVersion = 26.5;
						TestTargetID = 2CDA03202FD71498006AC2FD;
					};
					2CDA03392FD71499006AC2FD = {
						CreatedOnToolsVersion = 26.5;
						TestTargetID = 2CDA03202FD71498006AC2FD;
					};
				};
			};
			buildConfigurationList = 2CDA031C2FD71498006AC2FD /* Build configuration list for PBXProject "SwiftPhotoBoardExample" */;
			developmentRegion = en;
			hasScannedForEncodings = 0;
			knownRegions = (
				en,
				Base,
				ja,
			);
			mainGroup = 2CDA03182FD71498006AC2FD;
			minimizedProjectReferenceProxies = 1;
			preferredProjectObjectVersion = 77;
			productRefGroup = 2CDA03222FD71498006AC2FD /* Products */;
			projectDirPath = "";
			projectRoot = "";
			targets = (
				2CDA03202FD71498006AC2FD /* SwiftPhotoBoardExample */,
				2CDA032F2FD71499006AC2FD /* SwiftPhotoBoardExampleTests */,
				2CDA03392FD71499006AC2FD /* SwiftPhotoBoardExampleUITests */,
			);
		};
/* End PBXProject section */

/* Begin PBXResourcesBuildPhase section */
		2CDA031F2FD71498006AC2FD /* Resources */ = {
			isa = PBXResourcesBuildPhase;
			buildActionMask = 2147483647;
			files = (
				2CDA03542FD84D8E006AC2FD /* InfoPlist.xcstrings in Resources */,
				2CDA03582FD858D1006AC2FD /* Localizable.xcstrings in Resources */,
				2CDA03502FD715EC006AC2FD /* LICENSE.txt in Resources */,
				2CDA03512FD715EC006AC2FD /* .gitignore in Resources */,
				2CDA03522FD715EC006AC2FD /* README.md in Resources */,
			);
			runOnlyForDeploymentPostprocessing = 0;
		};
		2CDA032E2FD71499006AC2FD /* Resources */ = {
			isa = PBXResourcesBuildPhase;
			buildActionMask = 2147483647;
			files = (
			);
			runOnlyForDeploymentPostprocessing = 0;
		};
		2CDA03382FD71499006AC2FD /* Resources */ = {
			isa = PBXResourcesBuildPhase;
			buildActionMask = 2147483647;
			files = (
			);
			runOnlyForDeploymentPostprocessing = 0;
		};
/* End PBXResourcesBuildPhase section */

/* Begin PBXSourcesBuildPhase section */
		2CDA031D2FD71498006AC2FD /* Sources */ = {
			isa = PBXSourcesBuildPhase;
			buildActionMask = 2147483647;
			files = (
			);
			runOnlyForDeploymentPostprocessing = 0;
		};
		2CDA032C2FD71499006AC2FD /* Sources */ = {
			isa = PBXSourcesBuildPhase;
			buildActionMask = 2147483647;
			files = (
			);
			runOnlyForDeploymentPostprocessing = 0;
		};
		2CDA03362FD71499006AC2FD /* Sources */ = {
			isa = PBXSourcesBuildPhase;
			buildActionMask = 2147483647;
			files = (
			);
			runOnlyForDeploymentPostprocessing = 0;
		};
/* End PBXSourcesBuildPhase section */

/* Begin PBXTargetDependency section */
		2CDA03322FD71499006AC2FD /* PBXTargetDependency */ = {
			isa = PBXTargetDependency;
			target = 2CDA03202FD71498006AC2FD /* SwiftPhotoBoardExample */;
			targetProxy = 2CDA03312FD71499006AC2FD /* PBXContainerItemProxy */;
		};
		2CDA033C2FD71499006AC2FD /* PBXTargetDependency */ = {
			isa = PBXTargetDependency;
			target = 2CDA03202FD71498006AC2FD /* SwiftPhotoBoardExample */;
			targetProxy = 2CDA033B2FD71499006AC2FD /* PBXContainerItemProxy */;
		};
/* End PBXTargetDependency section */

/* Begin XCBuildConfiguration section */
		2CDA03422FD71499006AC2FD /* Debug */ = {
			isa = XCBuildConfiguration;
			buildSettings = {
				ALWAYS_SEARCH_USER_PATHS = NO;
				ASSETCATALOG_COMPILER_GENERATE_SWIFT_ASSET_SYMBOL_EXTENSIONS = YES;
				CLANG_ANALYZER_NONNULL = YES;
				CLANG_ANALYZER_NUMBER_OBJECT_CONVERSION = YES_AGGRESSIVE;
				CLANG_CXX_LANGUAGE_STANDARD = "gnu++20";
				CLANG_ENABLE_MODULES = YES;
				CLANG_ENABLE_OBJC_ARC = YES;
				CLANG_ENABLE_OBJC_WEAK = YES;
				CLANG_WARN_BLOCK_CAPTURE_AUTORELEASING = YES;
				CLANG_WARN_BOOL_CONVERSION = YES;
				CLANG_WARN_COMMA = YES;
				CLANG_WARN_CONSTANT_CONVERSION = YES;
				CLANG_WARN_DEPRECATED_OBJC_IMPLEMENTATIONS = YES;
				CLANG_WARN_DIRECT_OBJC_ISA_USAGE = YES_ERROR;
				CLANG_WARN_DOCUMENTATION_COMMENTS = YES;
				CLANG_WARN_EMPTY_BODY = YES;
				CLANG_WARN_ENUM_CONVERSION = YES;
				CLANG_WARN_INFINITE_RECURSION = YES;
				CLANG_WARN_INT_CONVERSION = YES;
				CLANG_WARN_NON_LITERAL_NULL_CONVERSION = YES;
				CLANG_WARN_OBJC_IMPLICIT_RETAIN_SELF = YES;
				CLANG_WARN_OBJC_LITERAL_CONVERSION = YES;
				CLANG_WARN_OBJC_ROOT_CLASS = YES_ERROR;
				CLANG_WARN_QUOTED_INCLUDE_IN_FRAMEWORK_HEADER = YES;
				CLANG_WARN_RANGE_LOOP_ANALYSIS = YES;
				CLANG_WARN_STRICT_PROTOTYPES = YES;
				CLANG_WARN_SUSPICIOUS_MOVE = YES;
				CLANG_WARN_UNGUARDED_AVAILABILITY = YES_AGGRESSIVE;
				CLANG_WARN_UNREACHABLE_CODE = YES;
				CLANG_WARN__DUPLICATE_METHOD_MATCH = YES;
				COPY_PHASE_STRIP = NO;
				DEBUG_INFORMATION_FORMAT = dwarf;
				DEVELOPMENT_TEAM = 3U5GLZS3FA;
				ENABLE_STRICT_OBJC_MSGSEND = YES;
				ENABLE_TESTABILITY = YES;
				ENABLE_USER_SCRIPT_SANDBOXING = YES;
				GCC_C_LANGUAGE_STANDARD = gnu17;
				GCC_DYNAMIC_NO_PIC = NO;
				GCC_NO_COMMON_BLOCKS = YES;
				GCC_OPTIMIZATION_LEVEL = 0;
				GCC_PREPROCESSOR_DEFINITIONS = (
					"DEBUG=1",
					"$(inherited)",
				);
				GCC_WARN_64_TO_32_BIT_CONVERSION = YES;
				GCC_WARN_ABOUT_RETURN_TYPE = YES_ERROR;
				GCC_WARN_UNDECLARED_SELECTOR = YES;
				GCC_WARN_UNINITIALIZED_AUTOS = YES_AGGRESSIVE;
				GCC_WARN_UNUSED_FUNCTION = YES;
				GCC_WARN_UNUSED_VARIABLE = YES;
				IPHONEOS_DEPLOYMENT_TARGET = 26.5;
				LOCALIZATION_PREFERS_STRING_CATALOGS = YES;
				MTL_ENABLE_DEBUG_INFO = INCLUDE_SOURCE;
				MTL_FAST_MATH = YES;
				ONLY_ACTIVE_ARCH = YES;
				SDKROOT = iphoneos;
				SWIFT_ACTIVE_COMPILATION_CONDITIONS = "DEBUG $(inherited)";
				SWIFT_OPTIMIZATION_LEVEL = "-Onone";
			};
			name = Debug;
		};
		2CDA03432FD71499006AC2FD /* Release */ = {
			isa = XCBuildConfiguration;
			buildSettings = {
				ALWAYS_SEARCH_USER_PATHS = NO;
				ASSETCATALOG_COMPILER_GENERATE_SWIFT_ASSET_SYMBOL_EXTENSIONS = YES;
				CLANG_ANALYZER_NONNULL = YES;
				CLANG_ANALYZER_NUMBER_OBJECT_CONVERSION = YES_AGGRESSIVE;
				CLANG_CXX_LANGUAGE_STANDARD = "gnu++20";
				CLANG_ENABLE_MODULES = YES;
				CLANG_ENABLE_OBJC_ARC = YES;
				CLANG_ENABLE_OBJC_WEAK = YES;
				CLANG_WARN_BLOCK_CAPTURE_AUTORELEASING = YES;
				CLANG_WARN_BOOL_CONVERSION = YES;
				CLANG_WARN_COMMA = YES;
				CLANG_WARN_CONSTANT_CONVERSION = YES;
				CLANG_WARN_DEPRECATED_OBJC_IMPLEMENTATIONS = YES;
				CLANG_WARN_DIRECT_OBJC_ISA_USAGE = YES_ERROR;
				CLANG_WARN_DOCUMENTATION_COMMENTS = YES;
				CLANG_WARN_EMPTY_BODY = YES;
				CLANG_WARN_ENUM_CONVERSION = YES;
				CLANG_WARN_INFINITE_RECURSION = YES;
				CLANG_WARN_INT_CONVERSION = YES;
				CLANG_WARN_NON_LITERAL_NULL_CONVERSION = YES;
				CLANG_WARN_OBJC_IMPLICIT_RETAIN_SELF = YES;
				CLANG_WARN_OBJC_LITERAL_CONVERSION = YES;
				CLANG_WARN_OBJC_ROOT_CLASS = YES_ERROR;
				CLANG_WARN_QUOTED_INCLUDE_IN_FRAMEWORK_HEADER = YES;
				CLANG_WARN_RANGE_LOOP_ANALYSIS = YES;
				CLANG_WARN_STRICT_PROTOTYPES = YES;
				CLANG_WARN_SUSPICIOUS_MOVE = YES;
				CLANG_WARN_UNGUARDED_AVAILABILITY = YES_AGGRESSIVE;
				CLANG_WARN_UNREACHABLE_CODE = YES;
				CLANG_WARN__DUPLICATE_METHOD_MATCH = YES;
				COPY_PHASE_STRIP = NO;
				DEBUG_INFORMATION_FORMAT = "dwarf-with-dsym";
				DEVELOPMENT_TEAM = 3U5GLZS3FA;
				ENABLE_NS_ASSERTIONS = NO;
				ENABLE_STRICT_OBJC_MSGSEND = YES;
				ENABLE_USER_SCRIPT_SANDBOXING = YES;
				GCC_C_LANGUAGE_STANDARD = gnu17;
				GCC_NO_COMMON_BLOCKS = YES;
				GCC_WARN_64_TO_32_BIT_CONVERSION = YES;
				GCC_WARN_ABOUT_RETURN_TYPE = YES_ERROR;
				GCC_WARN_UNDECLARED_SELECTOR = YES;
				GCC_WARN_UNINITIALIZED_AUTOS = YES_AGGRESSIVE;
				GCC_WARN_UNUSED_FUNCTION = YES;
				GCC_WARN_UNUSED_VARIABLE = YES;
				IPHONEOS_DEPLOYMENT_TARGET = 26.5;
				LOCALIZATION_PREFERS_STRING_CATALOGS = YES;
				MTL_ENABLE_DEBUG_INFO = NO;
				MTL_FAST_MATH = YES;
				SDKROOT = iphoneos;
				SWIFT_COMPILATION_MODE = wholemodule;
				VALIDATE_PRODUCT = YES;
			};
			name = Release;
		};
		2CDA03452FD71499006AC2FD /* Debug */ = {
			isa = XCBuildConfiguration;
			buildSettings = {
				ASSETCATALOG_COMPILER_APPICON_NAME = AppIcon;
				ASSETCATALOG_COMPILER_GLOBAL_ACCENT_COLOR_NAME = AccentColor;
				CODE_SIGN_STYLE = Automatic;
				CURRENT_PROJECT_VERSION = 1;
				DEVELOPMENT_TEAM = 3U5GLZS3FA;
				ENABLE_PREVIEWS = YES;
				GENERATE_INFOPLIST_FILE = YES;
				INFOPLIST_KEY_CFBundleDisplayName = "Photo Board";
				INFOPLIST_KEY_NSPhotoLibraryUsageDescription = "Allow access to your photo library to display the selected photo in the app.";
				INFOPLIST_KEY_UIApplicationSceneManifest_Generation = YES;
				INFOPLIST_KEY_UIApplicationSupportsIndirectInputEvents = YES;
				INFOPLIST_KEY_UILaunchScreen_Generation = YES;
				INFOPLIST_KEY_UISupportedInterfaceOrientations = UIInterfaceOrientationPortrait;
				INFOPLIST_KEY_UISupportedInterfaceOrientations_iPad = "UIInterfaceOrientationLandscapeLeft UIInterfaceOrientationLandscapeRight UIInterfaceOrientationPortrait UIInterfaceOrientationPortraitUpsideDown";
				IPHONEOS_DEPLOYMENT_TARGET = 18.0;
				LD_RUNPATH_SEARCH_PATHS = (
					"$(inherited)",
					"@executable_path/Frameworks",
				);
				MARKETING_VERSION = 1.0;
				PRODUCT_BUNDLE_IDENTIFIER = com.github.ryoma100.SwiftPhotoBoardExample;
				PRODUCT_NAME = "$(TARGET_NAME)";
				STRING_CATALOG_GENERATE_SYMBOLS = YES;
				SUPPORTED_PLATFORMS = "iphoneos iphonesimulator";
				SUPPORTS_MACCATALYST = NO;
				SUPPORTS_MAC_DESIGNED_FOR_IPHONE_IPAD = NO;
				SUPPORTS_XR_DESIGNED_FOR_IPHONE_IPAD = NO;
				SWIFT_APPROACHABLE_CONCURRENCY = YES;
				SWIFT_DEFAULT_ACTOR_ISOLATION = MainActor;
				SWIFT_EMIT_LOC_STRINGS = YES;
				SWIFT_UPCOMING_FEATURE_MEMBER_IMPORT_VISIBILITY = YES;
				SWIFT_VERSION = 5.0;
				TARGETED_DEVICE_FAMILY = "1,2";
			};
			name = Debug;
		};
		2CDA03462FD71499006AC2FD /* Release */ = {
			isa = XCBuildConfiguration;
			buildSettings = {
				ASSETCATALOG_COMPILER_APPICON_NAME = AppIcon;
				ASSETCATALOG_COMPILER_GLOBAL_ACCENT_COLOR_NAME = AccentColor;
				CODE_SIGN_STYLE = Automatic;
				CURRENT_PROJECT_VERSION = 1;
				DEVELOPMENT_TEAM = 3U5GLZS3FA;
				ENABLE_PREVIEWS = YES;
				GENERATE_INFOPLIST_FILE = YES;
				INFOPLIST_KEY_CFBundleDisplayName = "Photo Board";
				INFOPLIST_KEY_NSPhotoLibraryUsageDescription = "Allow access to your photo library to display the selected photo in the app.";
				INFOPLIST_KEY_UIApplicationSceneManifest_Generation = YES;
				INFOPLIST_KEY_UIApplicationSupportsIndirectInputEvents = YES;
				INFOPLIST_KEY_UILaunchScreen_Generation = YES;
				INFOPLIST_KEY_UISupportedInterfaceOrientations = UIInterfaceOrientationPortrait;
				INFOPLIST_KEY_UISupportedInterfaceOrientations_iPad = "UIInterfaceOrientationLandscapeLeft UIInterfaceOrientationLandscapeRight UIInterfaceOrientationPortrait UIInterfaceOrientationPortraitUpsideDown";
				IPHONEOS_DEPLOYMENT_TARGET = 18.0;
				LD_RUNPATH_SEARCH_PATHS = (
					"$(inherited)",
					"@executable_path/Frameworks",
				);
				MARKETING_VERSION = 1.0;
				PRODUCT_BUNDLE_IDENTIFIER = com.github.ryoma100.SwiftPhotoBoardExample;
				PRODUCT_NAME = "$(TARGET_NAME)";
				STRING_CATALOG_GENERATE_SYMBOLS = YES;
				SUPPORTED_PLATFORMS = "iphoneos iphonesimulator";
				SUPPORTS_MACCATALYST = NO;
				SUPPORTS_MAC_DESIGNED_FOR_IPHONE_IPAD = NO;
				SUPPORTS_XR_DESIGNED_FOR_IPHONE_IPAD = NO;
				SWIFT_APPROACHABLE_CONCURRENCY = YES;
				SWIFT_DEFAULT_ACTOR_ISOLATION = MainActor;
				SWIFT_EMIT_LOC_STRINGS = YES;
				SWIFT_UPCOMING_FEATURE_MEMBER_IMPORT_VISIBILITY = YES;
				SWIFT_VERSION = 5.0;
				TARGETED_DEVICE_FAMILY = "1,2";
			};
			name = Release;
		};
		2CDA03482FD71499006AC2FD /* Debug */ = {
			isa = XCBuildConfiguration;
			buildSettings = {
				BUNDLE_LOADER = "$(TEST_HOST)";
				CODE_SIGN_STYLE = Automatic;
				CURRENT_PROJECT_VERSION = 1;
				DEVELOPMENT_TEAM = 3U5GLZS3FA;
				GENERATE_INFOPLIST_FILE = YES;
				IPHONEOS_DEPLOYMENT_TARGET = 26.5;
				MARKETING_VERSION = 1.0;
				PRODUCT_BUNDLE_IDENTIFIER = com.github.ryoma100.SwiftPhotoBoardExampleTests;
				PRODUCT_NAME = "$(TARGET_NAME)";
				STRING_CATALOG_GENERATE_SYMBOLS = NO;
				SWIFT_APPROACHABLE_CONCURRENCY = YES;
				SWIFT_EMIT_LOC_STRINGS = NO;
				SWIFT_UPCOMING_FEATURE_MEMBER_IMPORT_VISIBILITY = YES;
				SWIFT_VERSION = 5.0;
				TARGETED_DEVICE_FAMILY = "1,2";
				TEST_HOST = "$(BUILT_PRODUCTS_DIR)/SwiftPhotoBoardExample.app/$(BUNDLE_EXECUTABLE_FOLDER_PATH)/SwiftPhotoBoardExample";
			};
			name = Debug;
		};
		2CDA03492FD71499006AC2FD /* Release */ = {
			isa = XCBuildConfiguration;
			buildSettings = {
				BUNDLE_LOADER = "$(TEST_HOST)";
				CODE_SIGN_STYLE = Automatic;
				CURRENT_PROJECT_VERSION = 1;
				DEVELOPMENT_TEAM = 3U5GLZS3FA;
				GENERATE_INFOPLIST_FILE = YES;
				IPHONEOS_DEPLOYMENT_TARGET = 26.5;
				MARKETING_VERSION = 1.0;
				PRODUCT_BUNDLE_IDENTIFIER = com.github.ryoma100.SwiftPhotoBoardExampleTests;
				PRODUCT_NAME = "$(TARGET_NAME)";
				STRING_CATALOG_GENERATE_SYMBOLS = NO;
				SWIFT_APPROACHABLE_CONCURRENCY = YES;
				SWIFT_EMIT_LOC_STRINGS = NO;
				SWIFT_UPCOMING_FEATURE_MEMBER_IMPORT_VISIBILITY = YES;
				SWIFT_VERSION = 5.0;
				TARGETED_DEVICE_FAMILY = "1,2";
				TEST_HOST = "$(BUILT_PRODUCTS_DIR)/SwiftPhotoBoardExample.app/$(BUNDLE_EXECUTABLE_FOLDER_PATH)/SwiftPhotoBoardExample";
			};
			name = Release;
		};
		2CDA034B2FD71499006AC2FD /* Debug */ = {
			isa = XCBuildConfiguration;
			buildSettings = {
				CODE_SIGN_STYLE = Automatic;
				CURRENT_PROJECT_VERSION = 1;
				DEVELOPMENT_TEAM = 3U5GLZS3FA;
				GENERATE_INFOPLIST_FILE = YES;
				MARKETING_VERSION = 1.0;
				PRODUCT_BUNDLE_IDENTIFIER = com.github.ryoma100.SwiftPhotoBoardExampleUITests;
				PRODUCT_NAME = "$(TARGET_NAME)";
				STRING_CATALOG_GENERATE_SYMBOLS = NO;
				SWIFT_APPROACHABLE_CONCURRENCY = YES;
				SWIFT_EMIT_LOC_STRINGS = NO;
				SWIFT_UPCOMING_FEATURE_MEMBER_IMPORT_VISIBILITY = YES;
				SWIFT_VERSION = 5.0;
				TARGETED_DEVICE_FAMILY = "1,2";
				TEST_TARGET_NAME = SwiftPhotoBoardExample;
			};
			name = Debug;
		};
		2CDA034C2FD71499006AC2FD /* Release */ = {
			isa = XCBuildConfiguration;
			buildSettings = {
				CODE_SIGN_STYLE = Automatic;
				CURRENT_PROJECT_VERSION = 1;
				DEVELOPMENT_TEAM = 3U5GLZS3FA;
				GENERATE_INFOPLIST_FILE = YES;
				MARKETING_VERSION = 1.0;
				PRODUCT_BUNDLE_IDENTIFIER = com.github.ryoma100.SwiftPhotoBoardExampleUITests;
				PRODUCT_NAME = "$(TARGET_NAME)";
				STRING_CATALOG_GENERATE_SYMBOLS = NO;
				SWIFT_APPROACHABLE_CONCURRENCY = YES;
				SWIFT_EMIT_LOC_STRINGS = NO;
				SWIFT_UPCOMING_FEATURE_MEMBER_IMPORT_VISIBILITY = YES;
				SWIFT_VERSION = 5.0;
				TARGETED_DEVICE_FAMILY = "1,2";
				TEST_TARGET_NAME = SwiftPhotoBoardExample;
			};
			name = Release;
		};
/* End XCBuildConfiguration section */

/* Begin XCConfigurationList section */
		2CDA031C2FD71498006AC2FD /* Build configuration list for PBXProject "SwiftPhotoBoardExample" */ = {
			isa = XCConfigurationList;
			buildConfigurations = (
				2CDA03422FD71499006AC2FD /* Debug */,
				2CDA03432FD71499006AC2FD /* Release */,
			);
			defaultConfigurationIsVisible = 0;
			defaultConfigurationName = Release;
		};
		2CDA03442FD71499006AC2FD /* Build configuration list for PBXNativeTarget "SwiftPhotoBoardExample" */ = {
			isa = XCConfigurationList;
			buildConfigurations = (
				2CDA03452FD71499006AC2FD /* Debug */,
				2CDA03462FD71499006AC2FD /* Release */,
			);
			defaultConfigurationIsVisible = 0;
			defaultConfigurationName = Release;
		};
		2CDA03472FD71499006AC2FD /* Build configuration list for PBXNativeTarget "SwiftPhotoBoardExampleTests" */ = {
			isa = XCConfigurationList;
			buildConfigurations = (
				2CDA03482FD71499006AC2FD /* Debug */,
				2CDA03492FD71499006AC2FD /* Release */,
			);
			defaultConfigurationIsVisible = 0;
			defaultConfigurationName = Release;
		};
		2CDA034A2FD71499006AC2FD /* Build configuration list for PBXNativeTarget "SwiftPhotoBoardExampleUITests" */ = {
			isa = XCConfigurationList;
			buildConfigurations = (
				2CDA034B2FD71499006AC2FD /* Debug */,
				2CDA034C2FD71499006AC2FD /* Release */,
			);
			defaultConfigurationIsVisible = 0;
			defaultConfigurationName = Release;
		};
/* End XCConfigurationList section */
	};
	rootObject = 2CDA03192FD71498006AC2FD /* Project object */;
}
